
Microsoft Visual Studio Solution File, Format Version 12.00
# Visual Studio Version 16
VisualStudioVersion = 16.0.31321.278
MinimumVisualStudioVersion = 10.0.40219.1
Project("{FAE04EC0-301F-11D3-BF4B-00C04F79EFBC}") = "Boot", "Boot\Boot.csproj", "{A7B1D118-32FE-4339-A45B-5F885730AE75}"
EndProject
Project("{FAE04EC0-301F-11D3-BF4B-00C04F79EFBC}") = "Base", "Base\Base.csproj", "{94B4F292-E5EB-49B9-B14A-68855EE221C8}"
EndProject
Project("{FAE04EC0-301F-11D3-BF4B-00C04F79EFBC}") = "Common", "Common\Common.csproj", "{0DED869E-6F7B-4666-A2A6-8163CFBD708A}"
EndProject
Project("{FAE04EC0-301F-11D3-BF4B-00C04F79EFBC}") = "Home.Model", "Home.Model\Home.Model.csproj", "{B160AB37-0727-46C1-B03A-68426D15C9A7}"
EndProject
Project("{FAE04EC0-301F-11D3-BF4B-00C04F79EFBC}") = "Home.Hotfix", "Home.Hotfix\Home.Hotfix.csproj", "{CF52D0EB-B559-4DB3-935F-C50D8D3730A1}"
EndProject
Project("{FAE04EC0-301F-11D3-BF4B-00C04F79EFBC}") = "World.Model", "World.Model\World.Model.csproj", "{D1561EFC-3542-4FDB-9207-99E794D10183}"
EndProject
Project("{FAE04EC0-301F-11D3-BF4B-00C04F79EFBC}") = "World.Hotfix", "World.Hotfix\World.Hotfix.csproj", "{2C943E35-C003-4895-B5E7-59D1C5D87173}"
EndProject
Global
	GlobalSection(SolutionConfigurationPlatforms) = preSolution
		Debug|Any CPU = Debug|Any CPU
		Release|Any CPU = Release|Any CPU
	EndGlobalSection
	GlobalSection(ProjectConfigurationPlatforms) = postSolution
		{A7B1D118-32FE-4339-A45B-5F885730AE75}.Debug|Any CPU.ActiveCfg = Debug|Any CPU
		{A7B1D118-32FE-4339-A45B-5F885730AE75}.Debug|Any CPU.Build.0 = Debug|Any CPU
		{A7B1D118-32FE-4339-A45B-5F885730AE75}.Release|Any CPU.ActiveCfg = Release|Any CPU
		{A7B1D118-32FE-4339-A45B-5F885730AE75}.Release|Any CPU.Build.0 = Release|Any CPU
		{94B4F292-E5EB-49B9-B14A-68855EE221C8}.Debug|Any CPU.ActiveCfg = Debug|Any CPU
		{94B4F292-E5EB-49B9-B14A-68855EE221C8}.Debug|Any CPU.Build.0 = Debug|Any CPU
		{94B4F292-E5EB-49B9-B14A-68855EE221C8}.Release|Any CPU.ActiveCfg = Release|Any CPU
		{94B4F292-E5EB-49B9-B14A-68855EE221C8}.Release|Any CPU.Build.0 = Release|Any CPU
		{0DED869E-6F7B-4666-A2A6-8163CFBD708A}.Debug|Any CPU.ActiveCfg = Debug|Any CPU
		{0DED869E-6F7B-4666-A2A6-8163CFBD708A}.Debug|Any CPU.Build.0 = Debug|Any CPU
		{0DED869E-6F7B-4666-A2A6-8163CFBD708A}.Release|Any CPU.ActiveCfg = Release|Any CPU
		{0DED869E-6F7B-4666-A2A6-8163CFBD708A}.Release|Any CPU.Build.0 = Release|Any CPU
		{B160AB37-0727-46C1-B03A-68426D15C9A7}.Debug|Any CPU.ActiveCfg = Debug|Any CPU
		{B160AB37-0727-46C1-B03A-68426D15C9A7}.Debug|Any CPU.Build.0 = Debug|Any CPU
		{B160AB37-0727-46C1-B03A-68426D15C9A7}.Release|Any CPU.ActiveCfg = Release|Any CPU
		{B160AB37-0727-46C1-B03A-68426D15C9A7}.Release|Any CPU.Build.0 = Release|Any CPU
		{CF52D0EB-B559-4DB3-935F-C50D8D3730A1}.Debug|Any CPU.ActiveCfg = Debug|Any CPU
		{CF52D0EB-B559-4DB3-935F-C50D8D3730A1}.Debug|Any CPU.Build.0 = Debug|Any CPU
		{CF52D0EB-B559-4DB3-935F-C50D8D3730A1}.Release|Any CPU.ActiveCfg = Release|Any CPU
		{CF52D0EB-B559-4DB3-935F-C50D8D3730A1}.Release|Any CPU.Build.0 = Release|Any CPU
		{D1561EFC-3542-4FDB-9207-99E794D10183}.Debug|Any CPU.ActiveCfg = Debug|Any CPU
		{D1561EFC-3542-4FDB-9207-99E794D10183}.Debug|Any CPU.Build.0 = Debug|Any CPU
		{D1561EFC-3542-4FDB-9207-99E794D10183}.Release|Any CPU.ActiveCfg = Release|Any CPU
		{D1561EFC-3542-4FDB-9207-99E794D10183}.Release|Any CPU.Build.0 = Release|Any CPU
		{2C943E35-C003-4895-B5E7-59D1C5D87173}.Debug|Any CPU.ActiveCfg = Debug|Any CPU
		{2C943E35-C003-4895-B5E7-59D1C5D87173}.Debug|Any CPU.Build.0 = Debug|Any CPU
		{2C943E35-C003-4895-B5E7-59D1C5D87173}.Release|Any CPU.ActiveCfg = Release|Any CPU
		{2C943E35-C003-4895-B5E7-59D1C5D87173}.Release|Any CPU.Build.0 = Release|Any CPU
	EndGlobalSection
	GlobalSection(SolutionProperties) = preSolution
		HideSolutionNode = FALSE
	EndGlobalSection
	GlobalSection(ExtensibilityGlobals) = postSolution
		SolutionGuid = {2B524436-83E5-4A76-9770-3F71CF063265}
	EndGlobalSection
EndGlobal
