
Microsoft Visual Studio Solution File, Format Version 12.00
# Visual Studio Version 17
VisualStudioVersion = 17.0.31912.275
MinimumVisualStudioVersion = 10.0.40219.1
Project("{9A19103F-16F7-4668-BE54-9A1E7A4F7556}") = "Base", "Base\Base.csproj", "{94B4F292-E5EB-49B9-B14A-68855EE221C8}"
EndProject
Project("{9A19103F-16F7-4668-BE54-9A1E7A4F7556}") = "Common", "Common\Common.csproj", "{0DED869E-6F7B-4666-A2A6-8163CFBD708A}"
EndProject
Project("{9A19103F-16F7-4668-BE54-9A1E7A4F7556}") = "Home.Model", "Home.Model\Home.Model.csproj", "{B160AB37-0727-46C1-B03A-68426D15C9A7}"
EndProject
Project("{9A19103F-16F7-4668-BE54-9A1E7A4F7556}") = "Home.Hotfix", "Home.Hotfix\Home.Hotfix.csproj", "{CF52D0EB-B559-4DB3-935F-C50D8D3730A1}"
EndProject
Project("{9A19103F-16F7-4668-BE54-9A1E7A4F7556}") = "World.Model", "World.Model\World.Model.csproj", "{D1561EFC-3542-4FDB-9207-99E794D10183}"
EndProject
Project("{9A19103F-16F7-4668-BE54-9A1E7A4F7556}") = "World.Hotfix", "World.Hotfix\World.Hotfix.csproj", "{2C943E35-C003-4895-B5E7-59D1C5D87173}"
EndProject
Project("{2150E333-8FDC-42A3-9474-1A3956D46DE8}") = "Tools", "Tools", "{82D4835E-4AE6-4A5A-9A32-1A7C3694BBD7}"
EndProject
Project("{9A19103F-16F7-4668-BE54-9A1E7A4F7556}") = "Proto2CS", "Tools\Proto2CS\Proto2CS.csproj", "{6A8731E1-C6B9-4E16-98E2-DD6D940F10E2}"
EndProject
Project("{2150E333-8FDC-42A3-9474-1A3956D46DE8}") = "Third", "Third", "{9B541C37-28B0-4BDA-A131-529AB8904408}"
EndProject
Project("{9A19103F-16F7-4668-BE54-9A1E7A4F7556}") = "ExcelMapper", "Third\ExcelMapper\ExcelMapper.csproj", "{34E18BFE-EC8C-4514-A5D7-EF3E9E84F0F1}"
EndProject
Project("{9A19103F-16F7-4668-BE54-9A1E7A4F7556}") = "Login.Model", "Login.Model\Login.Model.csproj", "{3A8747B7-55D8-43FE-9DDB-9C1CB645A835}"
EndProject
Project("{9A19103F-16F7-4668-BE54-9A1E7A4F7556}") = "Login.Hotfix", "Login.Hotfix\Login.Hotfix.csproj", "{6D7D852B-4442-4EAD-8755-08C0C587CC30}"
EndProject
Project("{9A19103F-16F7-4668-BE54-9A1E7A4F7556}") = "OM.Hotfix", "OM.Hotfix\OM.Hotfix.csproj", "{9C242C30-C481-4DEF-807D-6E7092A5F040}"
EndProject
Project("{9A19103F-16F7-4668-BE54-9A1E7A4F7556}") = "OM.Model", "OM.Model\OM.Model.csproj", "{EB9972B2-4451-4709-A02F-A33D35A76A5E}"
EndProject
Project("{9A19103F-16F7-4668-BE54-9A1E7A4F7556}") = "BootHome", "BootHome\BootHome.csproj", "{CC4EF5C5-CE13-405F-9BC2-20F98F6DD85E}"
EndProject
Project("{9A19103F-16F7-4668-BE54-9A1E7A4F7556}") = "BootWorld", "BootWorld\BootWorld.csproj", "{16E65B44-D03F-4B9C-BC0E-BCD873D1C08D}"
EndProject
Project("{9A19103F-16F7-4668-BE54-9A1E7A4F7556}") = "BootLogin", "BootLogin\BootLogin.csproj", "{BE5375EF-1156-402E-9F0C-FE6DE6770DA5}"
EndProject
Project("{9A19103F-16F7-4668-BE54-9A1E7A4F7556}") = "BootOM", "BootOM\BootOM.csproj", "{29055346-6613-4BC4-A59D-1D95F0F70964}"
EndProject
Project("{9A19103F-16F7-4668-BE54-9A1E7A4F7556}") = "Message", "Message\Message.csproj", "{154F2C95-7835-4C51-AF20-002BF632F137}"
EndProject
Project("{FAE04EC0-301F-11D3-BF4B-00C04F79EFBC}") = "Share.Model", "Share.Model\Share.Model.csproj", "{92C686AC-770C-4746-9896-71F26D2EA776}"
EndProject
Project("{FAE04EC0-301F-11D3-BF4B-00C04F79EFBC}") = "Share.Hotfix", "Share.Hotfix\Share.Hotfix.csproj", "{E9F8EFCA-BEC9-4A51-B0C2-AFC0B6A88F1F}"
EndProject
Project("{FAE04EC0-301F-11D3-BF4B-00C04F79EFBC}") = "dotNetty-kcp", "Third\DotNettyKcp\dotNetty-kcp.csproj", "{76208387-3F59-4F58-B329-5A4BDD82B274}"
EndProject
Global
	GlobalSection(SolutionConfigurationPlatforms) = preSolution
		Debug|Any CPU = Debug|Any CPU
		Release|Any CPU = Release|Any CPU
	EndGlobalSection
	GlobalSection(ProjectConfigurationPlatforms) = postSolution
		{94B4F292-E5EB-49B9-B14A-68855EE221C8}.Debug|Any CPU.ActiveCfg = Debug|Any CPU
		{94B4F292-E5EB-49B9-B14A-68855EE221C8}.Debug|Any CPU.Build.0 = Debug|Any CPU
		{94B4F292-E5EB-49B9-B14A-68855EE221C8}.Release|Any CPU.ActiveCfg = Release|Any CPU
		{94B4F292-E5EB-49B9-B14A-68855EE221C8}.Release|Any CPU.Build.0 = Release|Any CPU
		{0DED869E-6F7B-4666-A2A6-8163CFBD708A}.Debug|Any CPU.ActiveCfg = Debug|Any CPU
		{0DED869E-6F7B-4666-A2A6-8163CFBD708A}.Debug|Any CPU.Build.0 = Debug|Any CPU
		{0DED869E-6F7B-4666-A2A6-8163CFBD708A}.Release|Any CPU.ActiveCfg = Release|Any CPU
		{0DED869E-6F7B-4666-A2A6-8163CFBD708A}.Release|Any CPU.Build.0 = Release|Any CPU
		{B160AB37-0727-46C1-B03A-68426D15C9A7}.Debug|Any CPU.ActiveCfg = Debug|Any CPU
		{B160AB37-0727-46C1-B03A-68426D15C9A7}.Debug|Any CPU.Build.0 = Debug|Any CPU
		{B160AB37-0727-46C1-B03A-68426D15C9A7}.Release|Any CPU.ActiveCfg = Release|Any CPU
		{B160AB37-0727-46C1-B03A-68426D15C9A7}.Release|Any CPU.Build.0 = Release|Any CPU
		{CF52D0EB-B559-4DB3-935F-C50D8D3730A1}.Debug|Any CPU.ActiveCfg = Debug|Any CPU
		{CF52D0EB-B559-4DB3-935F-C50D8D3730A1}.Debug|Any CPU.Build.0 = Debug|Any CPU
		{CF52D0EB-B559-4DB3-935F-C50D8D3730A1}.Release|Any CPU.ActiveCfg = Release|Any CPU
		{CF52D0EB-B559-4DB3-935F-C50D8D3730A1}.Release|Any CPU.Build.0 = Release|Any CPU
		{D1561EFC-3542-4FDB-9207-99E794D10183}.Debug|Any CPU.ActiveCfg = Debug|Any CPU
		{D1561EFC-3542-4FDB-9207-99E794D10183}.Debug|Any CPU.Build.0 = Debug|Any CPU
		{D1561EFC-3542-4FDB-9207-99E794D10183}.Release|Any CPU.ActiveCfg = Release|Any CPU
		{D1561EFC-3542-4FDB-9207-99E794D10183}.Release|Any CPU.Build.0 = Release|Any CPU
		{2C943E35-C003-4895-B5E7-59D1C5D87173}.Debug|Any CPU.ActiveCfg = Debug|Any CPU
		{2C943E35-C003-4895-B5E7-59D1C5D87173}.Debug|Any CPU.Build.0 = Debug|Any CPU
		{2C943E35-C003-4895-B5E7-59D1C5D87173}.Release|Any CPU.ActiveCfg = Release|Any CPU
		{2C943E35-C003-4895-B5E7-59D1C5D87173}.Release|Any CPU.Build.0 = Release|Any CPU
		{6A8731E1-C6B9-4E16-98E2-DD6D940F10E2}.Debug|Any CPU.ActiveCfg = Debug|Any CPU
		{6A8731E1-C6B9-4E16-98E2-DD6D940F10E2}.Debug|Any CPU.Build.0 = Debug|Any CPU
		{6A8731E1-C6B9-4E16-98E2-DD6D940F10E2}.Release|Any CPU.ActiveCfg = Release|Any CPU
		{6A8731E1-C6B9-4E16-98E2-DD6D940F10E2}.Release|Any CPU.Build.0 = Release|Any CPU
		{34E18BFE-EC8C-4514-A5D7-EF3E9E84F0F1}.Debug|Any CPU.ActiveCfg = Debug|Any CPU
		{34E18BFE-EC8C-4514-A5D7-EF3E9E84F0F1}.Debug|Any CPU.Build.0 = Debug|Any CPU
		{34E18BFE-EC8C-4514-A5D7-EF3E9E84F0F1}.Release|Any CPU.ActiveCfg = Release|Any CPU
		{34E18BFE-EC8C-4514-A5D7-EF3E9E84F0F1}.Release|Any CPU.Build.0 = Release|Any CPU
		{3A8747B7-55D8-43FE-9DDB-9C1CB645A835}.Debug|Any CPU.ActiveCfg = Debug|Any CPU
		{3A8747B7-55D8-43FE-9DDB-9C1CB645A835}.Debug|Any CPU.Build.0 = Debug|Any CPU
		{3A8747B7-55D8-43FE-9DDB-9C1CB645A835}.Release|Any CPU.ActiveCfg = Release|Any CPU
		{3A8747B7-55D8-43FE-9DDB-9C1CB645A835}.Release|Any CPU.Build.0 = Release|Any CPU
		{6D7D852B-4442-4EAD-8755-08C0C587CC30}.Debug|Any CPU.ActiveCfg = Debug|Any CPU
		{6D7D852B-4442-4EAD-8755-08C0C587CC30}.Debug|Any CPU.Build.0 = Debug|Any CPU
		{6D7D852B-4442-4EAD-8755-08C0C587CC30}.Release|Any CPU.ActiveCfg = Release|Any CPU
		{6D7D852B-4442-4EAD-8755-08C0C587CC30}.Release|Any CPU.Build.0 = Release|Any CPU
		{9C242C30-C481-4DEF-807D-6E7092A5F040}.Debug|Any CPU.ActiveCfg = Debug|Any CPU
		{9C242C30-C481-4DEF-807D-6E7092A5F040}.Debug|Any CPU.Build.0 = Debug|Any CPU
		{9C242C30-C481-4DEF-807D-6E7092A5F040}.Release|Any CPU.ActiveCfg = Release|Any CPU
		{9C242C30-C481-4DEF-807D-6E7092A5F040}.Release|Any CPU.Build.0 = Release|Any CPU
		{EB9972B2-4451-4709-A02F-A33D35A76A5E}.Debug|Any CPU.ActiveCfg = Debug|Any CPU
		{EB9972B2-4451-4709-A02F-A33D35A76A5E}.Debug|Any CPU.Build.0 = Debug|Any CPU
		{EB9972B2-4451-4709-A02F-A33D35A76A5E}.Release|Any CPU.ActiveCfg = Release|Any CPU
		{EB9972B2-4451-4709-A02F-A33D35A76A5E}.Release|Any CPU.Build.0 = Release|Any CPU
		{CC4EF5C5-CE13-405F-9BC2-20F98F6DD85E}.Debug|Any CPU.ActiveCfg = Debug|Any CPU
		{CC4EF5C5-CE13-405F-9BC2-20F98F6DD85E}.Debug|Any CPU.Build.0 = Debug|Any CPU
		{CC4EF5C5-CE13-405F-9BC2-20F98F6DD85E}.Release|Any CPU.ActiveCfg = Release|Any CPU
		{CC4EF5C5-CE13-405F-9BC2-20F98F6DD85E}.Release|Any CPU.Build.0 = Release|Any CPU
		{16E65B44-D03F-4B9C-BC0E-BCD873D1C08D}.Debug|Any CPU.ActiveCfg = Debug|Any CPU
		{16E65B44-D03F-4B9C-BC0E-BCD873D1C08D}.Debug|Any CPU.Build.0 = Debug|Any CPU
		{16E65B44-D03F-4B9C-BC0E-BCD873D1C08D}.Release|Any CPU.ActiveCfg = Release|Any CPU
		{16E65B44-D03F-4B9C-BC0E-BCD873D1C08D}.Release|Any CPU.Build.0 = Release|Any CPU
		{BE5375EF-1156-402E-9F0C-FE6DE6770DA5}.Debug|Any CPU.ActiveCfg = Debug|Any CPU
		{BE5375EF-1156-402E-9F0C-FE6DE6770DA5}.Debug|Any CPU.Build.0 = Debug|Any CPU
		{BE5375EF-1156-402E-9F0C-FE6DE6770DA5}.Release|Any CPU.ActiveCfg = Release|Any CPU
		{BE5375EF-1156-402E-9F0C-FE6DE6770DA5}.Release|Any CPU.Build.0 = Release|Any CPU
		{29055346-6613-4BC4-A59D-1D95F0F70964}.Debug|Any CPU.ActiveCfg = Debug|Any CPU
		{29055346-6613-4BC4-A59D-1D95F0F70964}.Debug|Any CPU.Build.0 = Debug|Any CPU
		{29055346-6613-4BC4-A59D-1D95F0F70964}.Release|Any CPU.ActiveCfg = Release|Any CPU
		{29055346-6613-4BC4-A59D-1D95F0F70964}.Release|Any CPU.Build.0 = Release|Any CPU
		{154F2C95-7835-4C51-AF20-002BF632F137}.Debug|Any CPU.ActiveCfg = Debug|Any CPU
		{154F2C95-7835-4C51-AF20-002BF632F137}.Debug|Any CPU.Build.0 = Debug|Any CPU
		{154F2C95-7835-4C51-AF20-002BF632F137}.Release|Any CPU.ActiveCfg = Release|Any CPU
		{154F2C95-7835-4C51-AF20-002BF632F137}.Release|Any CPU.Build.0 = Release|Any CPU
		{92C686AC-770C-4746-9896-71F26D2EA776}.Debug|Any CPU.ActiveCfg = Debug|Any CPU
		{92C686AC-770C-4746-9896-71F26D2EA776}.Debug|Any CPU.Build.0 = Debug|Any CPU
		{92C686AC-770C-4746-9896-71F26D2EA776}.Release|Any CPU.ActiveCfg = Release|Any CPU
		{92C686AC-770C-4746-9896-71F26D2EA776}.Release|Any CPU.Build.0 = Release|Any CPU
		{E9F8EFCA-BEC9-4A51-B0C2-AFC0B6A88F1F}.Debug|Any CPU.ActiveCfg = Debug|Any CPU
		{E9F8EFCA-BEC9-4A51-B0C2-AFC0B6A88F1F}.Debug|Any CPU.Build.0 = Debug|Any CPU
		{E9F8EFCA-BEC9-4A51-B0C2-AFC0B6A88F1F}.Release|Any CPU.ActiveCfg = Release|Any CPU
		{E9F8EFCA-BEC9-4A51-B0C2-AFC0B6A88F1F}.Release|Any CPU.Build.0 = Release|Any CPU
		{76208387-3F59-4F58-B329-5A4BDD82B274}.Debug|Any CPU.ActiveCfg = Debug|Any CPU
		{76208387-3F59-4F58-B329-5A4BDD82B274}.Debug|Any CPU.Build.0 = Debug|Any CPU
		{76208387-3F59-4F58-B329-5A4BDD82B274}.Release|Any CPU.ActiveCfg = Release|Any CPU
		{76208387-3F59-4F58-B329-5A4BDD82B274}.Release|Any CPU.Build.0 = Release|Any CPU
	EndGlobalSection
	GlobalSection(SolutionProperties) = preSolution
		HideSolutionNode = FALSE
	EndGlobalSection
	GlobalSection(NestedProjects) = preSolution
		{6A8731E1-C6B9-4E16-98E2-DD6D940F10E2} = {82D4835E-4AE6-4A5A-9A32-1A7C3694BBD7}
		{34E18BFE-EC8C-4514-A5D7-EF3E9E84F0F1} = {9B541C37-28B0-4BDA-A131-529AB8904408}
		{76208387-3F59-4F58-B329-5A4BDD82B274} = {9B541C37-28B0-4BDA-A131-529AB8904408}
	EndGlobalSection
	GlobalSection(ExtensibilityGlobals) = postSolution
		SolutionGuid = {2B524436-83E5-4A76-9770-3F71CF063265}
	EndGlobalSection
EndGlobal
